Microsoft Visual Studio Solution File, Format Version 12.00
# Visual Studio Version 17
VisualStudioVersion = 17.13.35919.96
MinimumVisualStudioVersion = 10.0.40219.1
Project("{FAE04EC0-301F-11D3-BF4B-00C04F79EFBC}") = "Snake", "Snake\Snake.csproj", "{2377C97A-BB6E-4D5C-BBFC-9267242D3FD7}"
EndProject
Global
	GlobalSection(SolutionConfigurationPlatforms) = preSolution
		Debug|Any CPU = Debug|Any CPU
		Release|Any CPU = Release|Any CPU
	EndGlobalSection
	GlobalSection(ProjectConfigurationPlatforms) = postSolution
		{2377C97A-BB6E-4D5C-BBFC-9267242D3FD7}.Debug|Any CPU.ActiveCfg = Debug|Any CPU
		{2377C97A-BB6E-4D5C-BBFC-9267242D3FD7}.Debug|Any CPU.Build.0 = Debug|Any CPU
		{2377C97A-BB6E-4D5C-BBFC-9267242D3FD7}.Release|Any CPU.ActiveCfg = Release|Any CPU
		{2377C97A-BB6E-4D5C-BBFC-9267242D3FD7}.Release|Any CPU.Build.0 = Release|Any CPU
	EndGlobalSection
	GlobalSection(SolutionProperties) = preSolution
		HideSolutionNode = FALSE
	EndGlobalSection
	GlobalSection(ExtensibilityGlobals) = postSolution
		SolutionGuid = {16C12312-AFFF-4E71-B5E1-5AA5BABA7679}
	EndGlobalSection
EndGlobal
